Microsoft Visual Studio Solution File, Format Version 11.00
# Visual Studio 2010
Project("{FAE04EC0-301F-11D3-BF4B-00C04F79EFBC}") = "Assembly-CSharp", "Assembly-CSharp.csproj", "{89B00F0F-B22A-248E-BFA3-625E2E63128E}"
EndProject
Project("{FAE04EC0-301F-11D3-BF4B-00C04F79EFBC}") = "Oculus.VR", "Oculus.VR.csproj", "{5FD61D9E-9C00-8420-3467-206C1B561B15}"
EndProject
Project("{FAE04EC0-301F-11D3-BF4B-00C04F79EFBC}") = "Assembly-CSharp-Editor", "Assembly-CSharp-Editor.csproj", "{9FFB5D6A-E63B-ACCB-D5E0-9E598C5D5CAD}"
EndProject
Project("{FAE04EC0-301F-11D3-BF4B-00C04F79EFBC}") = "Oculus.VR.Scripts.Editor", "Oculus.VR.Scripts.Editor.csproj", "{B6F880E2-88CE-7242-6097-8B8BE1D9A8AF}"
EndProject
Project("{FAE04EC0-301F-11D3-BF4B-00C04F79EFBC}") = "Oculus.VR.Editor", "Oculus.VR.Editor.csproj", "{F10B3588-0B33-6C52-A4F7-9E5497B2C62C}"
EndProject
Global
	GlobalSection(SolutionConfigurationPlatforms) = preSolution
		Debug|Any CPU = Debug|Any CPU
		Release|Any CPU = Release|Any CPU
	EndGlobalSection
	GlobalSection(ProjectConfigurationPlatforms) = postSolution
		{89B00F0F-B22A-248E-BFA3-625E2E63128E}.Debug|Any CPU.ActiveCfg = Debug|Any CPU
		{89B00F0F-B22A-248E-BFA3-625E2E63128E}.Debug|Any CPU.Build.0 = Debug|Any CPU
		{89B00F0F-B22A-248E-BFA3-625E2E63128E}.Release|Any CPU.ActiveCfg = Release|Any CPU
		{89B00F0F-B22A-248E-BFA3-625E2E63128E}.Release|Any CPU.Build.0 = Release|Any CPU
		{5FD61D9E-9C00-8420-3467-206C1B561B15}.Debug|Any CPU.ActiveCfg = Debug|Any CPU
		{5FD61D9E-9C00-8420-3467-206C1B561B15}.Debug|Any CPU.Build.0 = Debug|Any CPU
		{5FD61D9E-9C00-8420-3467-206C1B561B15}.Release|Any CPU.ActiveCfg = Release|Any CPU
		{5FD61D9E-9C00-8420-3467-206C1B561B15}.Release|Any CPU.Build.0 = Release|Any CPU
		{9FFB5D6A-E63B-ACCB-D5E0-9E598C5D5CAD}.Debug|Any CPU.ActiveCfg = Debug|Any CPU
		{9FFB5D6A-E63B-ACCB-D5E0-9E598C5D5CAD}.Debug|Any CPU.Build.0 = Debug|Any CPU
		{9FFB5D6A-E63B-ACCB-D5E0-9E598C5D5CAD}.Release|Any CPU.ActiveCfg = Release|Any CPU
		{9FFB5D6A-E63B-ACCB-D5E0-9E598C5D5CAD}.Release|Any CPU.Build.0 = Release|Any CPU
		{B6F880E2-88CE-7242-6097-8B8BE1D9A8AF}.Debug|Any CPU.ActiveCfg = Debug|Any CPU
		{B6F880E2-88CE-7242-6097-8B8BE1D9A8AF}.Debug|Any CPU.Build.0 = Debug|Any CPU
		{B6F880E2-88CE-7242-6097-8B8BE1D9A8AF}.Release|Any CPU.ActiveCfg = Release|Any CPU
		{B6F880E2-88CE-7242-6097-8B8BE1D9A8AF}.Release|Any CPU.Build.0 = Release|Any CPU
		{F10B3588-0B33-6C52-A4F7-9E5497B2C62C}.Debug|Any CPU.ActiveCfg = Debug|Any CPU
		{F10B3588-0B33-6C52-A4F7-9E5497B2C62C}.Debug|Any CPU.Build.0 = Debug|Any CPU
		{F10B3588-0B33-6C52-A4F7-9E5497B2C62C}.Release|Any CPU.ActiveCfg = Release|Any CPU
		{F10B3588-0B33-6C52-A4F7-9E5497B2C62C}.Release|Any CPU.Build.0 = Release|Any CPU
	EndGlobalSection
	GlobalSection(SolutionProperties) = preSolution
		HideSolutionNode = FALSE
	EndGlobalSection
	GlobalSection(MonoDevelopProperties) = preSolution
		StartupItem = Assembly-CSharp.csproj
	EndGlobalSection
EndGlobal
